{
  "name": "bootcampaf",
  "lockfileVersion": 2,
  "requires": true,
  "packages": {
    "": {
      "dependencies": {
        "algoliasearch": "^4.8.6"
      }
    },
    "node_modules/@algolia/cache-browser-local-storage": {
      "version": "4.8.6",
      "resolved": "https://registry.npmjs.org/@algolia/cache-browser-local-storage/-/cache-browser-local-storage-4.8.6.tgz",
      "integrity": "sha512-Bam7otzjIEgrRXWmk0Amm1+B3ROI5dQnUfJEBjIy0YPM0kMahEoJXCw6160tGKxJLl1g6icoC953nGshQKO7cA==",
      "dependencies": {
        "@algolia/cache-common": "4.8.6"
      }
    },
    "node_modules/@algolia/cache-common": {
      "version": "4.8.6",
      "resolved": "https://registry.npmjs.org/@algolia/cache-common/-/cache-common-4.8.6.tgz",
      "integrity": "sha512-eGQlsXU5G7n4RvV/K6qe6lRAeL6EKAYPT3yZDBjCW4pAh7JWta+77a7BwUQkTqXN1MEQWZXjex3E4z/vFpzNrg=="
    },
    "node_modules/@algolia/cache-in-memory": {
      "version": "4.8.6",
      "resolved": "https://registry.npmjs.org/@algolia/cache-in-memory/-/cache-in-memory-4.8.6.tgz",
      "integrity": "sha512-kbJrvCFANxL/l5Pq1NFyHLRphKDwmqcD/OJga0IbNKEulRGDPkt1+pC7/q8d2ikP12adBjLLg2CVias9RJpIaw==",
      "dependencies": {
        "@algolia/cache-common": "4.8.6"
      }
    },
    "node_modules/@algolia/client-account": {
      "version": "4.8.6",
      "resolved": "https://registry.npmjs.org/@algolia/client-account/-/client-account-4.8.6.tgz",
      "integrity": "sha512-FQVJE/BgCb78jtG7V0r30sMl9P5JKsrsOacGtGF2YebqI0YF25y8Z1nO39lbdjahxUS3QkDw2d0P2EVMj65g2Q==",
      "dependencies": {
        "@algolia/client-common": "4.8.6",
        "@algolia/client-search": "4.8.6",
        "@algolia/transporter": "4.8.6"
      }
    },
    "node_modules/@algolia/client-analytics": {
      "version": "4.8.6",
      "resolved": "https://registry.npmjs.org/@algolia/client-analytics/-/client-analytics-4.8.6.tgz",
      "integrity": "sha512-ZBYFUlzNaWDFtt0rYHI7xbfVX0lPWU9lcEEXI/BlnkRgEkm247H503tNatPQFA1YGkob52EU18sV1eJ+OFRBLA==",
      "dependencies": {
        "@algolia/client-common": "4.8.6",
        "@algolia/client-search": "4.8.6",
        "@algolia/requester-common": "4.8.6",
        "@algolia/transporter": "4.8.6"
      }
    },
    "node_modules/@algolia/client-common": {
      "version": "4.8.6",
      "resolved": "https://registry.npmjs.org/@algolia/client-common/-/client-common-4.8.6.tgz",
      "integrity": "sha512-8dI+K3Nvbes2YRZm2LY7bdCUD05e60BhacrMLxFuKxnBGuNehME1wbxq/QxcG1iNFJlxLIze5TxIcNN3+pn76g==",
      "dependencies": {
        "@algolia/requester-common": "4.8.6",
        "@algolia/transporter": "4.8.6"
      }
    },
    "node_modules/@algolia/client-recommendation": {
      "version": "4.8.6",
      "resolved": "https://registry.npmjs.org/@algolia/client-recommendation/-/client-recommendation-4.8.6.tgz",
      "integrity": "sha512-Kg8DpjwvaWWujNx6sAUrSL+NTHxFe/UNaliCcSKaMhd3+FiPXN+CrSkO0KWR7I+oK2qGBTG/2Y0BhFOJ5/B/RA==",
      "dependencies": {
        "@algolia/client-common": "4.8.6",
        "@algolia/requester-common": "4.8.6",
        "@algolia/transporter": "4.8.6"
      }
    },
    "node_modules/@algolia/client-search": {
      "version": "4.8.6",
      "resolved": "https://registry.npmjs.org/@algolia/client-search/-/client-search-4.8.6.tgz",
      "integrity": "sha512-vXLS6umL/9G3bwqc6pkrS9K5/s8coq55mpfRARL+bs0NsToOf77WSTdwzlxv/KdbVF7dHjXgUpBvJ6RyR4ZdAw==",
      "dependencies": {
        "@algolia/client-common": "4.8.6",
        "@algolia/requester-common": "4.8.6",
        "@algolia/transporter": "4.8.6"
      }
    },
    "node_modules/@algolia/logger-common": {
      "version": "4.8.6",
      "resolved": "https://registry.npmjs.org/@algolia/logger-common/-/logger-common-4.8.6.tgz",
      "integrity": "sha512-FMRxZGdDxSzd0/Mv0R1021FvUt0CcbsQLYeyckvSWX8w+Uk4o0lcV6UtZdERVR5XZsGOqoXLMIYDbR2vkbGbVw=="
    },
    "node_modules/@algolia/logger-console": {
      "version": "4.8.6",
      "resolved": "https://registry.npmjs.org/@algolia/logger-console/-/logger-console-4.8.6.tgz",
      "integrity": "sha512-TYw9lwUCjvApC6Z0zn36T6gkCl7hbfJmnU+Z/D8pFJ3Yp7lz06S3oWGjbdrULrYP1w1VOhjd0X7/yGNsMhzutQ==",
      "dependencies": {
        "@algolia/logger-common": "4.8.6"
      }
    },
    "node_modules/@algolia/requester-browser-xhr": {
      "version": "4.8.6",
      "resolved": "https://registry.npmjs.org/@algolia/requester-browser-xhr/-/requester-browser-xhr-4.8.6.tgz",
      "integrity": "sha512-omh6uJ3CJXOmcrU9M3/KfGg8XkUuGJGIMkqEbkFvIebpBJxfs6TVs0ziNeMFAcAfhi8/CGgpLbDSgJtWdGQa6w==",
      "dependencies": {
        "@algolia/requester-common": "4.8.6"
      }
    },
    "node_modules/@algolia/requester-common": {
      "version": "4.8.6",
      "resolved": "https://registry.npmjs.org/@algolia/requester-common/-/requester-common-4.8.6.tgz",
      "integrity": "sha512-r5xJqq/D9KACkI5DgRbrysVL5DUUagikpciH0k0zjBbm+cXiYfpmdflo/h6JnY6kmvWgjr/4DoeTjKYb/0deAQ=="
    },
    "node_modules/@algolia/requester-node-http": {
      "version": "4.8.6",
      "resolved": "https://registry.npmjs.org/@algolia/requester-node-http/-/requester-node-http-4.8.6.tgz",
      "integrity": "sha512-TB36OqTVOKyHCOtdxhn/IJyI/NXi/BWy8IEbsiWwwZWlL79NWHbetj49jXWFolEYEuu8PgDjjZGpRhypSuO9XQ==",
      "dependencies": {
        "@algolia/requester-common": "4.8.6"
      }
    },
    "node_modules/@algolia/transporter": {
      "version": "4.8.6",
      "resolved": "https://registry.npmjs.org/@algolia/transporter/-/transporter-4.8.6.tgz",
      "integrity": "sha512-NRb31J0TP7EPoVMpXZ4yAtr61d26R8KGaf6qdULknvq5sOVHuuH4PwmF08386ERfIsgnM/OBhl+uzwACdCIjSg==",
      "dependencies": {
        "@algolia/cache-common": "4.8.6",
        "@algolia/logger-common": "4.8.6",
        "@algolia/requester-common": "4.8.6"
      }
    },
    "node_modules/algoliasearch": {
      "version": "4.8.6",
      "resolved": "https://registry.npmjs.org/algoliasearch/-/algoliasearch-4.8.6.tgz",
      "integrity": "sha512-G8IA3lcgaQB4r9HuQ4G+uSFjjz0Wv2OgEPiQ8emA+G2UUlroOfMl064j1bq/G+QTW0LmTQp9JwrFDRWxFM9J7w==",
      "dependencies": {
        "@algolia/cache-browser-local-storage": "4.8.6",
        "@algolia/cache-common": "4.8.6",
        "@algolia/cache-in-memory": "4.8.6",
        "@algolia/client-account": "4.8.6",
        "@algolia/client-analytics": "4.8.6",
        "@algolia/client-common": "4.8.6",
        "@algolia/client-recommendation": "4.8.6",
        "@algolia/client-search": "4.8.6",
        "@algolia/logger-common": "4.8.6",
        "@algolia/logger-console": "4.8.6",
        "@algolia/requester-browser-xhr": "4.8.6",
        "@algolia/requester-common": "4.8.6",
        "@algolia/requester-node-http": "4.8.6",
        "@algolia/transporter": "4.8.6"
      }
    }
  },
  "dependencies": {
    "@algolia/cache-browser-local-storage": {
      "version": "4.8.6",
      "resolved": "https://registry.npmjs.org/@algolia/cache-browser-local-storage/-/cache-browser-local-storage-4.8.6.tgz",
      "integrity": "sha512-Bam7otzjIEgrRXWmk0Amm1+B3ROI5dQnUfJEBjIy0YPM0kMahEoJXCw6160tGKxJLl1g6icoC953nGshQKO7cA==",
      "requires": {
        "@algolia/cache-common": "4.8.6"
      }
    },
    "@algolia/cache-common": {
      "version": "4.8.6",
      "resolved": "https://registry.npmjs.org/@algolia/cache-common/-/cache-common-4.8.6.tgz",
      "integrity": "sha512-eGQlsXU5G7n4RvV/K6qe6lRAeL6EKAYPT3yZDBjCW4pAh7JWta+77a7BwUQkTqXN1MEQWZXjex3E4z/vFpzNrg=="
    },
    "@algolia/cache-in-memory": {
      "version": "4.8.6",
      "resolved": "https://registry.npmjs.org/@algolia/cache-in-memory/-/cache-in-memory-4.8.6.tgz",
      "integrity": "sha512-kbJrvCFANxL/l5Pq1NFyHLRphKDwmqcD/OJga0IbNKEulRGDPkt1+pC7/q8d2ikP12adBjLLg2CVias9RJpIaw==",
      "requires": {
        "@algolia/cache-common": "4.8.6"
      }
    },
    "@algolia/client-account": {
      "version": "4.8.6",
      "resolved": "https://registry.npmjs.org/@algolia/client-account/-/client-account-4.8.6.tgz",
      "integrity": "sha512-FQVJE/BgCb78jtG7V0r30sMl9P5JKsrsOacGtGF2YebqI0YF25y8Z1nO39lbdjahxUS3QkDw2d0P2EVMj65g2Q==",
      "requires": {
        "@algolia/client-common": "4.8.6",
        "@algolia/client-search": "4.8.6",
        "@algolia/transporter": "4.8.6"
      }
    },
    "@algolia/client-analytics": {
      "version": "4.8.6",
      "resolved": "https://registry.npmjs.org/@algolia/client-analytics/-/client-analytics-4.8.6.tgz",
      "integrity": "sha512-ZBYFUlzNaWDFtt0rYHI7xbfVX0lPWU9lcEEXI/BlnkRgEkm247H503tNatPQFA1YGkob52EU18sV1eJ+OFRBLA==",
      "requires": {
        "@algolia/client-common": "4.8.6",
        "@algolia/client-search": "4.8.6",
        "@algolia/requester-common": "4.8.6",
        "@algolia/transporter": "4.8.6"
      }
    },
    "@algolia/client-common": {
      "version": "4.8.6",
      "resolved": "https://registry.npmjs.org/@algolia/client-common/-/client-common-4.8.6.tgz",
      "integrity": "sha512-8dI+K3Nvbes2YRZm2LY7bdCUD05e60BhacrMLxFuKxnBGuNehME1wbxq/QxcG1iNFJlxLIze5TxIcNN3+pn76g==",
      "requires": {
        "@algolia/requester-common": "4.8.6",
        "@algolia/transporter": "4.8.6"
      }
    },
    "@algolia/client-recommendation": {
      "version": "4.8.6",
      "resolved": "https://registry.npmjs.org/@algolia/client-recommendation/-/client-recommendation-4.8.6.tgz",
      "integrity": "sha512-Kg8DpjwvaWWujNx6sAUrSL+NTHxFe/UNaliCcSKaMhd3+FiPXN+CrSkO0KWR7I+oK2qGBTG/2Y0BhFOJ5/B/RA==",
      "requires": {
        "@algolia/client-common": "4.8.6",
        "@algolia/requester-common": "4.8.6",
        "@algolia/transporter": "4.8.6"
      }
    },
    "@algolia/client-search": {
      "version": "4.8.6",
      "resolved": "https://registry.npmjs.org/@algolia/client-search/-/client-search-4.8.6.tgz",
      "integrity": "sha512-vXLS6umL/9G3bwqc6pkrS9K5/s8coq55mpfRARL+bs0NsToOf77WSTdwzlxv/KdbVF7dHjXgUpBvJ6RyR4ZdAw==",
      "requires": {
        "@algolia/client-common": "4.8.6",
        "@algolia/requester-common": "4.8.6",
        "@algolia/transporter": "4.8.6"
      }
    },
    "@algolia/logger-common": {
      "version": "4.8.6",
      "resolved": "https://registry.npmjs.org/@algolia/logger-common/-/logger-common-4.8.6.tgz",
      "integrity": "sha512-FMRxZGdDxSzd0/Mv0R1021FvUt0CcbsQLYeyckvSWX8w+Uk4o0lcV6UtZdERVR5XZsGOqoXLMIYDbR2vkbGbVw=="
    },
    "@algolia/logger-console": {
      "version": "4.8.6",
      "resolved": "https://registry.npmjs.org/@algolia/logger-console/-/logger-console-4.8.6.tgz",
      "integrity": "sha512-TYw9lwUCjvApC6Z0zn36T6gkCl7hbfJmnU+Z/D8pFJ3Yp7lz06S3oWGjbdrULrYP1w1VOhjd0X7/yGNsMhzutQ==",
      "requires": {
        "@algolia/logger-common": "4.8.6"
      }
    },
    "@algolia/requester-browser-xhr": {
      "version": "4.8.6",
      "resolved": "https://registry.npmjs.org/@algolia/requester-browser-xhr/-/requester-browser-xhr-4.8.6.tgz",
      "integrity": "sha512-omh6uJ3CJXOmcrU9M3/KfGg8XkUuGJGIMkqEbkFvIebpBJxfs6TVs0ziNeMFAcAfhi8/CGgpLbDSgJtWdGQa6w==",
      "requires": {
        "@algolia/requester-common": "4.8.6"
      }
    },
    "@algolia/requester-common": {
      "version": "4.8.6",
      "resolved": "https://registry.npmjs.org/@algolia/requester-common/-/requester-common-4.8.6.tgz",
      "integrity": "sha512-r5xJqq/D9KACkI5DgRbrysVL5DUUagikpciH0k0zjBbm+cXiYfpmdflo/h6JnY6kmvWgjr/4DoeTjKYb/0deAQ=="
    },
    "@algolia/requester-node-http": {
      "version": "4.8.6",
      "resolved": "https://registry.npmjs.org/@algolia/requester-node-http/-/requester-node-http-4.8.6.tgz",
      "integrity": "sha512-TB36OqTVOKyHCOtdxhn/IJyI/NXi/BWy8IEbsiWwwZWlL79NWHbetj49jXWFolEYEuu8PgDjjZGpRhypSuO9XQ==",
      "requires": {
        "@algolia/requester-common": "4.8.6"
      }
    },
    "@algolia/transporter": {
      "version": "4.8.6",
      "resolved": "https://registry.npmjs.org/@algolia/transporter/-/transporter-4.8.6.tgz",
      "integrity": "sha512-NRb31J0TP7EPoVMpXZ4yAtr61d26R8KGaf6qdULknvq5sOVHuuH4PwmF08386ERfIsgnM/OBhl+uzwACdCIjSg==",
      "requires": {
        "@algolia/cache-common": "4.8.6",
        "@algolia/logger-common": "4.8.6",
        "@algolia/requester-common": "4.8.6"
      }
    },
    "algoliasearch": {
      "version": "4.8.6",
      "resolved": "https://registry.npmjs.org/algoliasearch/-/algoliasearch-4.8.6.tgz",
      "integrity": "sha512-G8IA3lcgaQB4r9HuQ4G+uSFjjz0Wv2OgEPiQ8emA+G2UUlroOfMl064j1bq/G+QTW0LmTQp9JwrFDRWxFM9J7w==",
      "requires": {
        "@algolia/cache-browser-local-storage": "4.8.6",
        "@algolia/cache-common": "4.8.6",
        "@algolia/cache-in-memory": "4.8.6",
        "@algolia/client-account": "4.8.6",
        "@algolia/client-analytics": "4.8.6",
        "@algolia/client-common": "4.8.6",
        "@algolia/client-recommendation": "4.8.6",
        "@algolia/client-search": "4.8.6",
        "@algolia/logger-common": "4.8.6",
        "@algolia/logger-console": "4.8.6",
        "@algolia/requester-browser-xhr": "4.8.6",
        "@algolia/requester-common": "4.8.6",
        "@algolia/requester-node-http": "4.8.6",
        "@algolia/transporter": "4.8.6"
      }
    }
  }
}
